
Microsoft Visual Studio Solution File, Format Version 12.00
# Visual Studio 15
VisualStudioVersion = 15.0.27130.2027
MinimumVisualStudioVersion = 10.0.40219.1
Project("{9A19103F-16F7-4668-BE54-9A1E7A4F7556}") = "ME", "ME\ME.csproj", "{6257BA23-0CBF-4ACA-BF63-1C9FE3D97267}"
EndProject
Global
	GlobalSection(SolutionConfigurationPlatforms) = preSolution
		Debug|Any CPU = Debug|Any CPU
		Release|Any CPU = Release|Any CPU
	EndGlobalSection
	GlobalSection(ProjectConfigurationPlatforms) = postSolution
		{6257BA23-0CBF-4ACA-BF63-1C9FE3D97267}.Debug|Any CPU.ActiveCfg = Debug|Any CPU
		{6257BA23-0CBF-4ACA-BF63-1C9FE3D97267}.Debug|Any CPU.Build.0 = Debug|Any CPU
		{6257BA23-0CBF-4ACA-BF63-1C9FE3D97267}.Release|Any CPU.ActiveCfg = Release|Any CPU
		{6257BA23-0CBF-4ACA-BF63-1C9FE3D97267}.Release|Any CPU.Build.0 = Release|Any CPU
	EndGlobalSection
	GlobalSection(SolutionProperties) = preSolution
		HideSolutionNode = FALSE
	EndGlobalSection
	GlobalSection(ExtensibilityGlobals) = postSolution
		SolutionGuid = {DF92E12A-D764-4847-8986-6C8DED9F7D27}
	EndGlobalSection
EndGlobal
